// !$*UTF8*$!
{
	archiveVersion = 1;
	classes = {
	};
	objectVersion = 56;
	objects = {

/* Begin PBXBuildFile section */
		9403ADB12EF9AD2900413293 /* AppDelegate.swift in Sources */ = {isa = PBXBuildFile; fileRef = 9403ADB02EF9AD2900413293 /* AppDelegate.swift */; };
		9403ADB32EF9AD2900413293 /* SceneDelegate.swift in Sources */ = {isa = PBXBuildFile; fileRef = 9403ADB22EF9AD2900413293 /* SceneDelegate.swift */; };
		9403ADB52EF9AD2900413293 /* ViewController.swift in Sources */ = {isa = PBXBuildFile; fileRef = 9403ADB42EF9AD2900413293 /* ViewController.swift */; };
		9403ADB82EF9AD2900413293 /* Main.storyboard in Resources */ = {isa = PBXBuildFile; fileRef = 9403ADB62EF9AD2900413293 /* Main.storyboard */; };
		9403ADBB2EF9AD2900413293 /* sasinderan_demo.xcdatamodeld in Sources */ = {isa = PBXBuildFile; fileRef = 9403ADB92EF9AD2900413293 /* sasinderan_demo.xcdatamodeld */; };
		9403ADBD2EF9AD2A00413293 /* Assets.xcassets in Resources */ = {isa = PBXBuildFile; fileRef = 9403ADBC2EF9AD2A00413293 /* Assets.xcassets */; };
		9403ADC02EF9AD2A00413293 /* LaunchScreen.storyboard in Resources */ = {isa = PBXBuildFile; fileRef = 9403ADBE2EF9AD2A00413293 /* LaunchScreen.storyboard */; };
		9403ADCB2EF9AD2A00413293 /* sasinderan_demoTests.swift in Sources */ = {isa = PBXBuildFile; fileRef = 9403ADCA2EF9AD2A00413293 /* sasinderan_demoTests.swift */; };
		9403ADD52EF9AD2A00413293 /* sasinderan_demoUITests.swift in Sources */ = {isa = PBXBuildFile; fileRef = 9403ADD42EF9AD2A00413293 /* sasinderan_demoUITests.swift */; };
		9403ADD72EF9AD2A00413293 /* sasinderan_demoUITestsLaunchTests.swift in Sources */ = {isa = PBXBuildFile; fileRef = 9403ADD62EF9AD2A00413293 /* sasinderan_demoUITestsLaunchTests.swift */; };
		9403ADEC2EF9B18A00413293 /* PortfolioPageViewModel.swift in Sources */ = {isa = PBXBuildFile; fileRef = 9403ADEB2EF9B18A00413293 /* PortfolioPageViewModel.swift */; };
		9403ADF02EF9B3CC00413293 /* HoldingsModel.swift in Sources */ = {isa = PBXBuildFile; fileRef = 9403ADEF2EF9B3CC00413293 /* HoldingsModel.swift */; };
		9403ADF22EF9B4FD00413293 /* APIClient.swift in Sources */ = {isa = PBXBuildFile; fileRef = 9403ADF12EF9B4FD00413293 /* APIClient.swift */; };
		9403ADF62EF9B54000413293 /* EndPoints.swift in Sources */ = {isa = PBXBuildFile; fileRef = 9403ADF52EF9B54000413293 /* EndPoints.swift */; };
		9403ADF82EF9B5C300413293 /* APIError.swift in Sources */ = {isa = PBXBuildFile; fileRef = 9403ADF72EF9B5C300413293 /* APIError.swift */; };
		9403ADFA2EF9B78700413293 /* PortFolioRequestService.swift in Sources */ = {isa = PBXBuildFile; fileRef = 9403ADF92EF9B78700413293 /* PortFolioRequestService.swift */; };
/* End PBXBuildFile section */

/* Begin PBXContainerItemProxy section */
		9403ADC72EF9AD2A00413293 /* PBXContainerItemProxy */ = {
			isa = PBXContainerItemProxy;
			containerPortal = 9403ADA52EF9AD2900413293 /* Project object */;
			proxyType = 1;
			remoteGlobalIDString = 9403ADAC2EF9AD2900413293;
			remoteInfo = sasinderan_demo;
		};
		9403ADD12EF9AD2A00413293 /* PBXContainerItemProxy */ = {
			isa = PBXContainerItemProxy;
			containerPortal = 9403ADA52EF9AD2900413293 /* Project object */;
			proxyType = 1;
			remoteGlobalIDString = 9403ADAC2EF9AD2900413293;
			remoteInfo = sasinderan_demo;
		};
/* End PBXContainerItemProxy section */

/* Begin PBXFileReference section */
		9403ADAD2EF9AD2900413293 /* sasinderan_demo.app */ = {isa = PBXFileReference; explicitFileType = wrapper.application; includeInIndex = 0; path = sasinderan_demo.app; sourceTree = BUILT_PRODUCTS_DIR; };
		9403ADB02EF9AD2900413293 /* AppDelegate.swift */ = {isa = PBXFileReference; lastKnownFileType = sourcecode.swift; path = AppDelegate.swift; sourceTree = "<group>"; };
		9403ADB22EF9AD2900413293 /* SceneDelegate.swift */ = {isa = PBXFileReference; lastKnownFileType = sourcecode.swift; path = SceneDelegate.swift; sourceTree = "<group>"; };
		9403ADB42EF9AD2900413293 /* ViewController.swift */ = {isa = PBXFileReference; lastKnownFileType = sourcecode.swift; path = ViewController.swift; sourceTree = "<group>"; };
		9403ADB72EF9AD2900413293 /* Base */ = {isa = PBXFileReference; lastKnownFileType = file.storyboard; name = Base; path = Base.lproj/Main.storyboard; sourceTree = "<group>"; };
		9403ADBA2EF9AD2900413293 /* sasinderan_demo.xcdatamodel */ = {isa = PBXFileReference; lastKnownFileType = wrapper.xcdatamodel; path = sasinderan_demo.xcdatamodel; sourceTree = "<group>"; };
		9403ADBC2EF9AD2A00413293 /* Assets.xcassets */ = {isa = PBXFileReference; lastKnownFileType = folder.assetcatalog; path = Assets.xcassets; sourceTree = "<group>"; };
		9403ADBF2EF9AD2A00413293 /* Base */ = {isa = PBXFileReference; lastKnownFileType = file.storyboard; name = Base; path = Base.lproj/LaunchScreen.storyboard; sourceTree = "<group>"; };
		9403ADC12EF9AD2A00413293 /* Info.plist */ = {isa = PBXFileReference; lastKnownFileType = text.plist.xml; path = Info.plist; sourceTree = "<group>"; };
		9403ADC62EF9AD2A00413293 /* sasinderan_demoTests.xctest */ = {isa = PBXFileReference; explicitFileType = wrapper.cfbundle; includeInIndex = 0; path = sasinderan_demoTests.xctest; sourceTree = BUILT_PRODUCTS_DIR; };
		9403ADCA2EF9AD2A00413293 /* sasinderan_demoTests.swift */ = {isa = PBXFileReference; lastKnownFileType = sourcecode.swift; path = sasinderan_demoTests.swift; sourceTree = "<group>"; };
		9403ADD02EF9AD2A00413293 /* sasinderan_demoUITests.xctest */ = {isa = PBXFileReference; explicitFileType = wrapper.cfbundle; includeInIndex = 0; path = sasinderan_demoUITests.xctest; sourceTree = BUILT_PRODUCTS_DIR; };
		9403ADD42EF9AD2A00413293 /* sasinderan_demoUITests.swift */ = {isa = PBXFileReference; lastKnownFileType = sourcecode.swift; path = sasinderan_demoUITests.swift; sourceTree = "<group>"; };
		9403ADD62EF9AD2A00413293 /* sasinderan_demoUITestsLaunchTests.swift */ = {isa = PBXFileReference; lastKnownFileType = sourcecode.swift; path = sasinderan_demoUITestsLaunchTests.swift; sourceTree = "<group>"; };
		9403ADEB2EF9B18A00413293 /* PortfolioPageViewModel.swift */ = {isa = PBXFileReference; lastKnownFileType = sourcecode.swift; path = PortfolioPageViewModel.swift; sourceTree = "<group>"; };
		9403ADEF2EF9B3CC00413293 /* HoldingsModel.swift */ = {isa = PBXFileReference; lastKnownFileType = sourcecode.swift; path = HoldingsModel.swift; sourceTree = "<group>"; };
		9403ADF12EF9B4FD00413293 /* APIClient.swift */ = {isa = PBXFileReference; lastKnownFileType = sourcecode.swift; path = APIClient.swift; sourceTree = "<group>"; };
		9403ADF52EF9B54000413293 /* EndPoints.swift */ = {isa = PBXFileReference; lastKnownFileType = sourcecode.swift; path = EndPoints.swift; sourceTree = "<group>"; };
		9403ADF72EF9B5C300413293 /* APIError.swift */ = {isa = PBXFileReference; lastKnownFileType = sourcecode.swift; path = APIError.swift; sourceTree = "<group>"; };
		9403ADF92EF9B78700413293 /* PortFolioRequestService.swift */ = {isa = PBXFileReference; lastKnownFileType = sourcecode.swift; path = PortFolioRequestService.swift; sourceTree = "<group>"; };
/* End PBXFileReference section */

/* Begin PBXFrameworksBuildPhase section */
		9403ADAA2EF9AD2900413293 /* Frameworks */ = {
			isa = PBXFrameworksBuildPhase;
			buildActionMask = 2147483647;
			files = (
			);
			runOnlyForDeploymentPostprocessing = 0;
		};
		9403ADC32EF9AD2A00413293 /* Frameworks */ = {
			isa = PBXFrameworksBuildPhase;
			buildActionMask = 2147483647;
			files = (
			);
			runOnlyForDeploymentPostprocessing = 0;
		};
		9403ADCD2EF9AD2A00413293 /* Frameworks */ = {
			isa = PBXFrameworksBuildPhase;
			buildActionMask = 2147483647;
			files = (
			);
			runOnlyForDeploymentPostprocessing = 0;
		};
/* End PBXFrameworksBuildPhase section */

/* Begin PBXGroup section */
		9403ADA42EF9AD2900413293 = {
			isa = PBXGroup;
			children = (
				9403ADAF2EF9AD2900413293 /* sasinderan_demo */,
				9403ADC92EF9AD2A00413293 /* sasinderan_demoTests */,
				9403ADD32EF9AD2A00413293 /* sasinderan_demoUITests */,
				9403ADAE2EF9AD2900413293 /* Products */,
			);
			sourceTree = "<group>";
		};
		9403ADAE2EF9AD2900413293 /* Products */ = {
			isa = PBXGroup;
			children = (
				9403ADAD2EF9AD2900413293 /* sasinderan_demo.app */,
				9403ADC62EF9AD2A00413293 /* sasinderan_demoTests.xctest */,
				9403ADD02EF9AD2A00413293 /* sasinderan_demoUITests.xctest */,
			);
			name = Products;
			sourceTree = "<group>";
		};
		9403ADAF2EF9AD2900413293 /* sasinderan_demo */ = {
			isa = PBXGroup;
			children = (
				9403ADE82EF9AFED00413293 /* StoryBoard */,
				9403ADE32EF9AF6A00413293 /* SystemDelegates */,
				9403ADE72EF9AFC900413293 /* Resources */,
				9403ADE42EF9AF8000413293 /* Model */,
				9403ADEA2EF9B02000413293 /* View */,
				9403ADE52EF9AF9100413293 /* ViewModel */,
				9403ADE62EF9AF9D00413293 /* Controller */,
				9403ADED2EF9B25500413293 /* ServiceLayer */,
				9403ADEE2EF9B29700413293 /* NetworkLayer */,
				9403ADC12EF9AD2A00413293 /* Info.plist */,
				9403ADB92EF9AD2900413293 /* sasinderan_demo.xcdatamodeld */,
			);
			path = sasinderan_demo;
			sourceTree = "<group>";
		};
		9403ADC92EF9AD2A00413293 /* sasinderan_demoTests */ = {
			isa = PBXGroup;
			children = (
				9403ADCA2EF9AD2A00413293 /* sasinderan_demoTests.swift */,
			);
			path = sasinderan_demoTests;
			sourceTree = "<group>";
		};
		9403ADD32EF9AD2A00413293 /* sasinderan_demoUITests */ = {
			isa = PBXGroup;
			children = (
				9403ADD42EF9AD2A00413293 /* sasinderan_demoUITests.swift */,
				9403ADD62EF9AD2A00413293 /* sasinderan_demoUITestsLaunchTests.swift */,
			);
			path = sasinderan_demoUITests;
			sourceTree = "<group>";
		};
		9403ADE32EF9AF6A00413293 /* SystemDelegates */ = {
			isa = PBXGroup;
			children = (
				9403ADB02EF9AD2900413293 /* AppDelegate.swift */,
				9403ADB22EF9AD2900413293 /* SceneDelegate.swift */,
			);
			path = SystemDelegates;
			sourceTree = "<group>";
		};
		9403ADE42EF9AF8000413293 /* Model */ = {
			isa = PBXGroup;
			children = (
				9403ADEF2EF9B3CC00413293 /* HoldingsModel.swift */,
			);
			path = Model;
			sourceTree = "<group>";
		};
		9403ADE52EF9AF9100413293 /* ViewModel */ = {
			isa = PBXGroup;
			children = (
				9403ADEB2EF9B18A00413293 /* PortfolioPageViewModel.swift */,
			);
			path = ViewModel;
			sourceTree = "<group>";
		};
		9403ADE62EF9AF9D00413293 /* Controller */ = {
			isa = PBXGroup;
			children = (
				9403ADB42EF9AD2900413293 /* ViewController.swift */,
			);
			path = Controller;
			sourceTree = "<group>";
		};
		9403ADE72EF9AFC900413293 /* Resources */ = {
			isa = PBXGroup;
			children = (
				9403ADBC2EF9AD2A00413293 /* Assets.xcassets */,
			);
			path = Resources;
			sourceTree = "<group>";
		};
		9403ADE82EF9AFED00413293 /* StoryBoard */ = {
			isa = PBXGroup;
			children = (
				9403ADB62EF9AD2900413293 /* Main.storyboard */,
				9403ADBE2EF9AD2A00413293 /* LaunchScreen.storyboard */,
			);
			path = StoryBoard;
			sourceTree = "<group>";
		};
		9403ADEA2EF9B02000413293 /* View */ = {
			isa = PBXGroup;
			children = (
			);
			path = View;
			sourceTree = "<group>";
		};
		9403ADED2EF9B25500413293 /* ServiceLayer */ = {
			isa = PBXGroup;
			children = (
				9403ADF92EF9B78700413293 /* PortFolioRequestService.swift */,
			);
			path = ServiceLayer;
			sourceTree = "<group>";
		};
		9403ADEE2EF9B29700413293 /* NetworkLayer */ = {
			isa = PBXGroup;
			children = (
				9403ADF12EF9B4FD00413293 /* APIClient.swift */,
				9403ADF52EF9B54000413293 /* EndPoints.swift */,
				9403ADF72EF9B5C300413293 /* APIError.swift */,
			);
			path = NetworkLayer;
			sourceTree = "<group>";
		};
/* End PBXGroup section */

/* Begin PBXNativeTarget section */
		9403ADAC2EF9AD2900413293 /* sasinderan_demo */ = {
			isa = PBXNativeTarget;
			buildConfigurationList = 9403ADDA2EF9AD2A00413293 /* Build configuration list for PBXNativeTarget "sasinderan_demo" */;
			buildPhases = (
				9403ADA92EF9AD2900413293 /* Sources */,
				9403ADAA2EF9AD2900413293 /* Frameworks */,
				9403ADAB2EF9AD2900413293 /* Resources */,
			);
			buildRules = (
			);
			dependencies = (
			);
			name = sasinderan_demo;
			productName = sasinderan_demo;
			productReference = 9403ADAD2EF9AD2900413293 /* sasinderan_demo.app */;
			productType = "com.apple.product-type.application";
		};
		9403ADC52EF9AD2A00413293 /* sasinderan_demoTests */ = {
			isa = PBXNativeTarget;
			buildConfigurationList = 9403ADDD2EF9AD2A00413293 /* Build configuration list for PBXNativeTarget "sasinderan_demoTests" */;
			buildPhases = (
				9403ADC22EF9AD2A00413293 /* Sources */,
				9403ADC32EF9AD2A00413293 /* Frameworks */,
				9403ADC42EF9AD2A00413293 /* Resources */,
			);
			buildRules = (
			);
			dependencies = (
				9403ADC82EF9AD2A00413293 /* PBXTargetDependency */,
			);
			name = sasinderan_demoTests;
			productName = sasinderan_demoTests;
			productReference = 9403ADC62EF9AD2A00413293 /* sasinderan_demoTests.xctest */;
			productType = "com.apple.product-type.bundle.unit-test";
		};
		9403ADCF2EF9AD2A00413293 /* sasinderan_demoUITests */ = {
			isa = PBXNativeTarget;
			buildConfigurationList = 9403ADE02EF9AD2A00413293 /* Build configuration list for PBXNativeTarget "sasinderan_demoUITests" */;
			buildPhases = (
				9403ADCC2EF9AD2A00413293 /* Sources */,
				9403ADCD2EF9AD2A00413293 /* Frameworks */,
				9403ADCE2EF9AD2A00413293 /* Resources */,
			);
			buildRules = (
			);
			dependencies = (
				9403ADD22EF9AD2A00413293 /* PBXTargetDependency */,
			);
			name = sasinderan_demoUITests;
			productName = sasinderan_demoUITests;
			productReference = 9403ADD02EF9AD2A00413293 /* sasinderan_demoUITests.xctest */;
			productType = "com.apple.product-type.bundle.ui-testing";
		};
/* End PBXNativeTarget section */

/* Begin PBXProject section */
		9403ADA52EF9AD2900413293 /* Project object */ = {
			isa = PBXProject;
			attributes = {
				BuildIndependentTargetsInParallel = 1;
				LastSwiftUpdateCheck = 1500;
				LastUpgradeCheck = 1500;
				TargetAttributes = {
					9403ADAC2EF9AD2900413293 = {
						CreatedOnToolsVersion = 15.0;
					};
					9403ADC52EF9AD2A00413293 = {
						CreatedOnToolsVersion = 15.0;
						TestTargetID = 9403ADAC2EF9AD2900413293;
					};
					9403ADCF2EF9AD2A00413293 = {
						CreatedOnToolsVersion = 15.0;
						TestTargetID = 9403ADAC2EF9AD2900413293;
					};
				};
			};
			buildConfigurationList = 9403ADA82EF9AD2900413293 /* Build configuration list for PBXProject "sasinderan_demo" */;
			compatibilityVersion = "Xcode 14.0";
			developmentRegion = en;
			hasScannedForEncodings = 0;
			knownRegions = (
				en,
				Base,
			);
			mainGroup = 9403ADA42EF9AD2900413293;
			productRefGroup = 9403ADAE2EF9AD2900413293 /* Products */;
			projectDirPath = "";
			projectRoot = "";
			targets = (
				9403ADAC2EF9AD2900413293 /* sasinderan_demo */,
				9403ADC52EF9AD2A00413293 /* sasinderan_demoTests */,
				9403ADCF2EF9AD2A00413293 /* sasinderan_demoUITests */,
			);
		};
/* End PBXProject section */

/* Begin PBXResourcesBuildPhase section */
		9403ADAB2EF9AD2900413293 /* Resources */ = {
			isa = PBXResourcesBuildPhase;
			buildActionMask = 2147483647;
			files = (
				9403ADC02EF9AD2A00413293 /* LaunchScreen.storyboard in Resources */,
				9403ADBD2EF9AD2A00413293 /* Assets.xcassets in Resources */,
				9403ADB82EF9AD2900413293 /* Main.storyboard in Resources */,
			);
			runOnlyForDeploymentPostprocessing = 0;
		};
		9403ADC42EF9AD2A00413293 /* Resources */ = {
			isa = PBXResourcesBuildPhase;
			buildActionMask = 2147483647;
			files = (
			);
			runOnlyForDeploymentPostprocessing = 0;
		};
		9403ADCE2EF9AD2A00413293 /* Resources */ = {
			isa = PBXResourcesBuildPhase;
			buildActionMask = 2147483647;
			files = (
			);
			runOnlyForDeploymentPostprocessing = 0;
		};
/* End PBXResourcesBuildPhase section */

/* Begin PBXSourcesBuildPhase section */
		9403ADA92EF9AD2900413293 /* Sources */ = {
			isa = PBXSourcesBuildPhase;
			buildActionMask = 2147483647;
			files = (
				9403ADBB2EF9AD2900413293 /* sasinderan_demo.xcdatamodeld in Sources */,
				9403ADF22EF9B4FD00413293 /* APIClient.swift in Sources */,
				9403ADB52EF9AD2900413293 /* ViewController.swift in Sources */,
				9403ADEC2EF9B18A00413293 /* PortfolioPageViewModel.swift in Sources */,
				9403ADFA2EF9B78700413293 /* PortFolioRequestService.swift in Sources */,
				9403ADF02EF9B3CC00413293 /* HoldingsModel.swift in Sources */,
				9403ADB12EF9AD2900413293 /* AppDelegate.swift in Sources */,
				9403ADF62EF9B54000413293 /* EndPoints.swift in Sources */,
				9403ADB32EF9AD2900413293 /* SceneDelegate.swift in Sources */,
				9403ADF82EF9B5C300413293 /* APIError.swift in Sources */,
			);
			runOnlyForDeploymentPostprocessing = 0;
		};
		9403ADC22EF9AD2A00413293 /* Sources */ = {
			isa = PBXSourcesBuildPhase;
			buildActionMask = 2147483647;
			files = (
				9403ADCB2EF9AD2A00413293 /* sasinderan_demoTests.swift in Sources */,
			);
			runOnlyForDeploymentPostprocessing = 0;
		};
		9403ADCC2EF9AD2A00413293 /* Sources */ = {
			isa = PBXSourcesBuildPhase;
			buildActionMask = 2147483647;
			files = (
				9403ADD52EF9AD2A00413293 /* sasinderan_demoUITests.swift in Sources */,
				9403ADD72EF9AD2A00413293 /* sasinderan_demoUITestsLaunchTests.swift in Sources */,
			);
			runOnlyForDeploymentPostprocessing = 0;
		};
/* End PBXSourcesBuildPhase section */

/* Begin PBXTargetDependency section */
		9403ADC82EF9AD2A00413293 /* PBXTargetDependency */ = {
			isa = PBXTargetDependency;
			target = 9403ADAC2EF9AD2900413293 /* sasinderan_demo */;
			targetProxy = 9403ADC72EF9AD2A00413293 /* PBXContainerItemProxy */;
		};
		9403ADD22EF9AD2A00413293 /* PBXTargetDependency */ = {
			isa = PBXTargetDependency;
			target = 9403ADAC2EF9AD2900413293 /* sasinderan_demo */;
			targetProxy = 9403ADD12EF9AD2A00413293 /* PBXContainerItemProxy */;
		};
/* End PBXTargetDependency section */

/* Begin PBXVariantGroup section */
		9403ADB62EF9AD2900413293 /* Main.storyboard */ = {
			isa = PBXVariantGroup;
			children = (
				9403ADB72EF9AD2900413293 /* Base */,
			);
			name = Main.storyboard;
			sourceTree = "<group>";
		};
		9403ADBE2EF9AD2A00413293 /* LaunchScreen.storyboard */ = {
			isa = PBXVariantGroup;
			children = (
				9403ADBF2EF9AD2A00413293 /* Base */,
			);
			name = LaunchScreen.storyboard;
			sourceTree = "<group>";
		};
/* End PBXVariantGroup section */

/* Begin XCBuildConfiguration section */
		9403ADD82EF9AD2A00413293 /* Debug */ = {
			isa = XCBuildConfiguration;
			buildSettings = {
				ALWAYS_SEARCH_USER_PATHS = NO;
				ASSETCATALOG_COMPILER_GENERATE_SWIFT_ASSET_SYMBOL_EXTENSIONS = YES;
				CLANG_ANALYZER_NONNULL = YES;
				CLANG_ANALYZER_NUMBER_OBJECT_CONVERSION = YES_AGGRESSIVE;
				CLANG_CXX_LANGUAGE_STANDARD = "gnu++20";
				CLANG_ENABLE_MODULES = YES;
				CLANG_ENABLE_OBJC_ARC = YES;
				CLANG_ENABLE_OBJC_WEAK = YES;
				CLANG_WARN_BLOCK_CAPTURE_AUTORELEASING = YES;
				CLANG_WARN_BOOL_CONVERSION = YES;
				CLANG_WARN_COMMA = YES;
				CLANG_WARN_CONSTANT_CONVERSION = YES;
				CLANG_WARN_DEPRECATED_OBJC_IMPLEMENTATIONS = YES;
				CLANG_WARN_DIRECT_OBJC_ISA_USAGE = YES_ERROR;
				CLANG_WARN_DOCUMENTATION_COMMENTS = YES;
				CLANG_WARN_EMPTY_BODY = YES;
				CLANG_WARN_ENUM_CONVERSION = YES;
				CLANG_WARN_INFINITE_RECURSION = YES;
				CLANG_WARN_INT_CONVERSION = YES;
				CLANG_WARN_NON_LITERAL_NULL_CONVERSION = YES;
				CLANG_WARN_OBJC_IMPLICIT_RETAIN_SELF = YES;
				CLANG_WARN_OBJC_LITERAL_CONVERSION = YES;
				CLANG_WARN_OBJC_ROOT_CLASS = YES_ERROR;
				CLANG_WARN_QUOTED_INCLUDE_IN_FRAMEWORK_HEADER = YES;
				CLANG_WARN_RANGE_LOOP_ANALYSIS = YES;
				CLANG_WARN_STRICT_PROTOTYPES = YES;
				CLANG_WARN_SUSPICIOUS_MOVE = YES;
				CLANG_WARN_UNGUARDED_AVAILABILITY = YES_AGGRESSIVE;
				CLANG_WARN_UNREACHABLE_CODE = YES;
				CLANG_WARN__DUPLICATE_METHOD_MATCH = YES;
				COPY_PHASE_STRIP = NO;
				DEBUG_INFORMATION_FORMAT = dwarf;
				ENABLE_STRICT_OBJC_MSGSEND = YES;
				ENABLE_TESTABILITY = YES;
				ENABLE_USER_SCRIPT_SANDBOXING = YES;
				GCC_C_LANGUAGE_STANDARD = gnu17;
				GCC_DYNAMIC_NO_PIC = NO;
				GCC_NO_COMMON_BLOCKS = YES;
				GCC_OPTIMIZATION_LEVEL = 0;
				GCC_PREPROCESSOR_DEFINITIONS = (
					"DEBUG=1",
					"$(inherited)",
				);
				GCC_WARN_64_TO_32_BIT_CONVERSION = YES;
				GCC_WARN_ABOUT_RETURN_TYPE = YES_ERROR;
				GCC_WARN_UNDECLARED_SELECTOR = YES;
				GCC_WARN_UNINITIALIZED_AUTOS = YES_AGGRESSIVE;
				GCC_WARN_UNUSED_FUNCTION = YES;
				GCC_WARN_UNUSED_VARIABLE = YES;
				IPHONEOS_DEPLOYMENT_TARGET = 17.0;
				LOCALIZATION_PREFERS_STRING_CATALOGS = YES;
				MTL_ENABLE_DEBUG_INFO = INCLUDE_SOURCE;
				MTL_FAST_MATH = YES;
				ONLY_ACTIVE_ARCH = YES;
				SDKROOT = iphoneos;
				SWIFT_ACTIVE_COMPILATION_CONDITIONS = "DEBUG $(inherited)";
				SWIFT_OPTIMIZATION_LEVEL = "-Onone";
			};
			name = Debug;
		};
		9403ADD92EF9AD2A00413293 /* Release */ = {
			isa = XCBuildConfiguration;
			buildSettings = {
				ALWAYS_SEARCH_USER_PATHS = NO;
				ASSETCATALOG_COMPILER_GENERATE_SWIFT_ASSET_SYMBOL_EXTENSIONS = YES;
				CLANG_ANALYZER_NONNULL = YES;
				CLANG_ANALYZER_NUMBER_OBJECT_CONVERSION = YES_AGGRESSIVE;
				CLANG_CXX_LANGUAGE_STANDARD = "gnu++20";
				CLANG_ENABLE_MODULES = YES;
				CLANG_ENABLE_OBJC_ARC = YES;
				CLANG_ENABLE_OBJC_WEAK = YES;
				CLANG_WARN_BLOCK_CAPTURE_AUTORELEASING = YES;
				CLANG_WARN_BOOL_CONVERSION = YES;
				CLANG_WARN_COMMA = YES;
				CLANG_WARN_CONSTANT_CONVERSION = YES;
				CLANG_WARN_DEPRECATED_OBJC_IMPLEMENTATIONS = YES;
				CLANG_WARN_DIRECT_OBJC_ISA_USAGE = YES_ERROR;
				CLANG_WARN_DOCUMENTATION_COMMENTS = YES;
				CLANG_WARN_EMPTY_BODY = YES;
				CLANG_WARN_ENUM_CONVERSION = YES;
				CLANG_WARN_INFINITE_RECURSION = YES;
				CLANG_WARN_INT_CONVERSION = YES;
				CLANG_WARN_NON_LITERAL_NULL_CONVERSION = YES;
				CLANG_WARN_OBJC_IMPLICIT_RETAIN_SELF = YES;
				CLANG_WARN_OBJC_LITERAL_CONVERSION = YES;
				CLANG_WARN_OBJC_ROOT_CLASS = YES_ERROR;
				CLANG_WARN_QUOTED_INCLUDE_IN_FRAMEWORK_HEADER = YES;
				CLANG_WARN_RANGE_LOOP_ANALYSIS = YES;
				CLANG_WARN_STRICT_PROTOTYPES = YES;
				CLANG_WARN_SUSPICIOUS_MOVE = YES;
				CLANG_WARN_UNGUARDED_AVAILABILITY = YES_AGGRESSIVE;
				CLANG_WARN_UNREACHABLE_CODE = YES;
				CLANG_WARN__DUPLICATE_METHOD_MATCH = YES;
				COPY_PHASE_STRIP = NO;
				DEBUG_INFORMATION_FORMAT = "dwarf-with-dsym";
				ENABLE_NS_ASSERTIONS = NO;
				ENABLE_STRICT_OBJC_MSGSEND = YES;
				ENABLE_USER_SCRIPT_SANDBOXING = YES;
				GCC_C_LANGUAGE_STANDARD = gnu17;
				GCC_NO_COMMON_BLOCKS = YES;
				GCC_WARN_64_TO_32_BIT_CONVERSION = YES;
				GCC_WARN_ABOUT_RETURN_TYPE = YES_ERROR;
				GCC_WARN_UNDECLARED_SELECTOR = YES;
				GCC_WARN_UNINITIALIZED_AUTOS = YES_AGGRESSIVE;
				GCC_WARN_UNUSED_FUNCTION = YES;
				GCC_WARN_UNUSED_VARIABLE = YES;
				IPHONEOS_DEPLOYMENT_TARGET = 17.0;
				LOCALIZATION_PREFERS_STRING_CATALOGS = YES;
				MTL_ENABLE_DEBUG_INFO = NO;
				MTL_FAST_MATH = YES;
				SDKROOT = iphoneos;
				SWIFT_COMPILATION_MODE = wholemodule;
				VALIDATE_PRODUCT = YES;
			};
			name = Release;
		};
		9403ADDB2EF9AD2A00413293 /* Debug */ = {
			isa = XCBuildConfiguration;
			buildSettings = {
				ASSETCATALOG_COMPILER_APPICON_NAME = AppIcon;
				ASSETCATALOG_COMPILER_GLOBAL_ACCENT_COLOR_NAME = AccentColor;
				CODE_SIGN_STYLE = Automatic;
				CURRENT_PROJECT_VERSION = 1;
				DEVELOPMENT_TEAM = JLAX5343U2;
				GENERATE_INFOPLIST_FILE = YES;
				INFOPLIST_FILE = sasinderan_demo/Info.plist;
				INFOPLIST_KEY_UIApplicationSupportsIndirectInputEvents = YES;
				INFOPLIST_KEY_UILaunchStoryboardName = LaunchScreen;
				INFOPLIST_KEY_UIMainStoryboardFile = Main;
				INFOPLIST_KEY_UISupportedInterfaceOrientations_iPad = "UIInterfaceOrientationPortrait UIInterfaceOrientationPortraitUpsideDown UIInterfaceOrientationLandscapeLeft UIInterfaceOrientationLandscapeRight";
				INFOPLIST_KEY_UISupportedInterfaceOrientations_iPhone = "UIInterfaceOrientationPortrait UIInterfaceOrientationLandscapeLeft UIInterfaceOrientationLandscapeRight";
				LD_RUNPATH_SEARCH_PATHS = (
					"$(inherited)",
					"@executable_path/Frameworks",
				);
				MARKETING_VERSION = 1.0;
				PRODUCT_BUNDLE_IDENTIFIER = "com.cns.sasinderan-demo";
				PRODUCT_NAME = "$(TARGET_NAME)";
				SWIFT_EMIT_LOC_STRINGS = YES;
				SWIFT_VERSION = 5.0;
				TARGETED_DEVICE_FAMILY = "1,2";
			};
			name = Debug;
		};
		9403ADDC2EF9AD2A00413293 /* Release */ = {
			isa = XCBuildConfiguration;
			buildSettings = {
				ASSETCATALOG_COMPILER_APPICON_NAME = AppIcon;
				ASSETCATALOG_COMPILER_GLOBAL_ACCENT_COLOR_NAME = AccentColor;
				CODE_SIGN_STYLE = Automatic;
				CURRENT_PROJECT_VERSION = 1;
				DEVELOPMENT_TEAM = JLAX5343U2;
				GENERATE_INFOPLIST_FILE = YES;
				INFOPLIST_FILE = sasinderan_demo/Info.plist;
				INFOPLIST_KEY_UIApplicationSupportsIndirectInputEvents = YES;
				INFOPLIST_KEY_UILaunchStoryboardName = LaunchScreen;
				INFOPLIST_KEY_UIMainStoryboardFile = Main;
				INFOPLIST_KEY_UISupportedInterfaceOrientations_iPad = "UIInterfaceOrientationPortrait UIInterfaceOrientationPortraitUpsideDown UIInterfaceOrientationLandscapeLeft UIInterfaceOrientationLandscapeRight";
				INFOPLIST_KEY_UISupportedInterfaceOrientations_iPhone = "UIInterfaceOrientationPortrait UIInterfaceOrientationLandscapeLeft UIInterfaceOrientationLandscapeRight";
				LD_RUNPATH_SEARCH_PATHS = (
					"$(inherited)",
					"@executable_path/Frameworks",
				);
				MARKETING_VERSION = 1.0;
				PRODUCT_BUNDLE_IDENTIFIER = "com.cns.sasinderan-demo";
				PRODUCT_NAME = "$(TARGET_NAME)";
				SWIFT_EMIT_LOC_STRINGS = YES;
				SWIFT_VERSION = 5.0;
				TARGETED_DEVICE_FAMILY = "1,2";
			};
			name = Release;
		};
		9403ADDE2EF9AD2A00413293 /* Debug */ = {
			isa = XCBuildConfiguration;
			buildSettings = {
				ALWAYS_EMBED_SWIFT_STANDARD_LIBRARIES = YES;
				BUNDLE_LOADER = "$(TEST_HOST)";
				CODE_SIGN_STYLE = Automatic;
				CURRENT_PROJECT_VERSION = 1;
				DEVELOPMENT_TEAM = JLAX5343U2;
				GENERATE_INFOPLIST_FILE = YES;
				IPHONEOS_DEPLOYMENT_TARGET = 17.0;
				MARKETING_VERSION = 1.0;
				PRODUCT_BUNDLE_IDENTIFIER = "com.cns.sasinderan-demoTests";
				PRODUCT_NAME = "$(TARGET_NAME)";
				SWIFT_EMIT_LOC_STRINGS = NO;
				SWIFT_VERSION = 5.0;
				TARGETED_DEVICE_FAMILY = "1,2";
				TEST_HOST = "$(BUILT_PRODUCTS_DIR)/sasinderan_demo.app/$(BUNDLE_EXECUTABLE_FOLDER_PATH)/sasinderan_demo";
			};
			name = Debug;
		};
		9403ADDF2EF9AD2A00413293 /* Release */ = {
			isa = XCBuildConfiguration;
			buildSettings = {
				ALWAYS_EMBED_SWIFT_STANDARD_LIBRARIES = YES;
				BUNDLE_LOADER = "$(TEST_HOST)";
				CODE_SIGN_STYLE = Automatic;
				CURRENT_PROJECT_VERSION = 1;
				DEVELOPMENT_TEAM = JLAX5343U2;
				GENERATE_INFOPLIST_FILE = YES;
				IPHONEOS_DEPLOYMENT_TARGET = 17.0;
				MARKETING_VERSION = 1.0;
				PRODUCT_BUNDLE_IDENTIFIER = "com.cns.sasinderan-demoTests";
				PRODUCT_NAME = "$(TARGET_NAME)";
				SWIFT_EMIT_LOC_STRINGS = NO;
				SWIFT_VERSION = 5.0;
				TARGETED_DEVICE_FAMILY = "1,2";
				TEST_HOST = "$(BUILT_PRODUCTS_DIR)/sasinderan_demo.app/$(BUNDLE_EXECUTABLE_FOLDER_PATH)/sasinderan_demo";
			};
			name = Release;
		};
		9403ADE12EF9AD2A00413293 /* Debug */ = {
			isa = XCBuildConfiguration;
			buildSettings = {
				ALWAYS_EMBED_SWIFT_STANDARD_LIBRARIES = YES;
				CODE_SIGN_STYLE = Automatic;
				CURRENT_PROJECT_VERSION = 1;
				DEVELOPMENT_TEAM = JLAX5343U2;
				GENERATE_INFOPLIST_FILE = YES;
				MARKETING_VERSION = 1.0;
				PRODUCT_BUNDLE_IDENTIFIER = "com.cns.sasinderan-demoUITests";
				PRODUCT_NAME = "$(TARGET_NAME)";
				SWIFT_EMIT_LOC_STRINGS = NO;
				SWIFT_VERSION = 5.0;
				TARGETED_DEVICE_FAMILY = "1,2";
				TEST_TARGET_NAME = sasinderan_demo;
			};
			name = Debug;
		};
		9403ADE22EF9AD2A00413293 /* Release */ = {
			isa = XCBuildConfiguration;
			buildSettings = {
				ALWAYS_EMBED_SWIFT_STANDARD_LIBRARIES = YES;
				CODE_SIGN_STYLE = Automatic;
				CURRENT_PROJECT_VERSION = 1;
				DEVELOPMENT_TEAM = JLAX5343U2;
				GENERATE_INFOPLIST_FILE = YES;
				MARKETING_VERSION = 1.0;
				PRODUCT_BUNDLE_IDENTIFIER = "com.cns.sasinderan-demoUITests";
				PRODUCT_NAME = "$(TARGET_NAME)";
				SWIFT_EMIT_LOC_STRINGS = NO;
				SWIFT_VERSION = 5.0;
				TARGETED_DEVICE_FAMILY = "1,2";
				TEST_TARGET_NAME = sasinderan_demo;
			};
			name = Release;
		};
/* End XCBuildConfiguration section */

/* Begin XCConfigurationList section */
		9403ADA82EF9AD2900413293 /* Build configuration list for PBXProject "sasinderan_demo" */ = {
			isa = XCConfigurationList;
			buildConfigurations = (
				9403ADD82EF9AD2A00413293 /* Debug */,
				9403ADD92EF9AD2A00413293 /* Release */,
			);
			defaultConfigurationIsVisible = 0;
			defaultConfigurationName = Release;
		};
		9403ADDA2EF9AD2A00413293 /* Build configuration list for PBXNativeTarget "sasinderan_demo" */ = {
			isa = XCConfigurationList;
			buildConfigurations = (
				9403ADDB2EF9AD2A00413293 /* Debug */,
				9403ADDC2EF9AD2A00413293 /* Release */,
			);
			defaultConfigurationIsVisible = 0;
			defaultConfigurationName = Release;
		};
		9403ADDD2EF9AD2A00413293 /* Build configuration list for PBXNativeTarget "sasinderan_demoTests" */ = {
			isa = XCConfigurationList;
			buildConfigurations = (
				9403ADDE2EF9AD2A00413293 /* Debug */,
				9403ADDF2EF9AD2A00413293 /* Release */,
			);
			defaultConfigurationIsVisible = 0;
			defaultConfigurationName = Release;
		};
		9403ADE02EF9AD2A00413293 /* Build configuration list for PBXNativeTarget "sasinderan_demoUITests" */ = {
			isa = XCConfigurationList;
			buildConfigurations = (
				9403ADE12EF9AD2A00413293 /* Debug */,
				9403ADE22EF9AD2A00413293 /* Release */,
			);
			defaultConfigurationIsVisible = 0;
			defaultConfigurationName = Release;
		};
/* End XCConfigurationList section */

/* Begin XCVersionGroup section */
		9403ADB92EF9AD2900413293 /* sasinderan_demo.xcdatamodeld */ = {
			isa = XCVersionGroup;
			children = (
				9403ADBA2EF9AD2900413293 /* sasinderan_demo.xcdatamodel */,
			);
			currentVersion = 9403ADBA2EF9AD2900413293 /* sasinderan_demo.xcdatamodel */;
			path = sasinderan_demo.xcdatamodeld;
			sourceTree = "<group>";
			versionGroupType = wrapper.xcdatamodel;
		};
/* End XCVersionGroup section */
	};
	rootObject = 9403ADA52EF9AD2900413293 /* Project object */;
}
